
Microsoft Visual Studio Solution File, Format Version 12.00
# Visual Studio Version 17
VisualStudioVersion = 17.0.31903.59
MinimumVisualStudioVersion = 10.0.40219.1
Project("{2150E333-8FDC-42A3-9474-1A3956D46DE8}") = "src", "src", "{827E0CD3-B72D-47B6-A68D-7590B98EB39B}"
EndProject
Project("{FAE04EC0-301F-11D3-BF4B-00C04F79EFBC}") = "BukitJalil.App", "src\BukitJalil.App\BukitJalil.App.csproj", "{3F4725A3-8851-4AD7-A60D-181E4F44DBD6}"
EndProject
Project("{FAE04EC0-301F-11D3-BF4B-00C04F79EFBC}") = "BukitJalil.SharedUi", "src\BukitJalil.SharedUi\BukitJalil.SharedUi.csproj", "{46AAD591-8F01-483B-BB7E-E01FFC1925B9}"
EndProject
Project("{FAE04EC0-301F-11D3-BF4B-00C04F79EFBC}") = "BukitJalil.Core", "src\BukitJalil.Core\BukitJalil.Core.csproj", "{8FF42C08-3309-4A82-9ACB-2692E2D246F7}"
EndProject
Project("{FAE04EC0-301F-11D3-BF4B-00C04F79EFBC}") = "BukitJalil.Infrastructure", "src\BukitJalil.Infrastructure\BukitJalil.Infrastructure.csproj", "{1129F8A0-40EB-4777-AB7D-1F99F7B7D91C}"
EndProject
Project("{2150E333-8FDC-42A3-9474-1A3956D46DE8}") = "tests", "tests", "{0AB3BF05-4346-4AA6-1389-037BE0695223}"
EndProject
Project("{FAE04EC0-301F-11D3-BF4B-00C04F79EFBC}") = "BukitJalil.Core.Tests", "tests\BukitJalil.Core.Tests\BukitJalil.Core.Tests.csproj", "{523ACE8C-7F2D-4EA3-9DF3-4D68587488EB}"
EndProject
Project("{FAE04EC0-301F-11D3-BF4B-00C04F79EFBC}") = "BukitJalil.Infrastructure.Tests", "tests\BukitJalil.Infrastructure.Tests\BukitJalil.Infrastructure.Tests.csproj", "{72C9D711-BAAB-452A-9D6A-C996D7CC3790}"
EndProject
Project("{FAE04EC0-301F-11D3-BF4B-00C04F79EFBC}") = "BukitJalil.App.Tests", "tests\BukitJalil.App.Tests\BukitJalil.App.Tests.csproj", "{0C7BA540-E55E-4B8F-8FCC-5752627E1C3E}"
EndProject
Global
	GlobalSection(SolutionConfigurationPlatforms) = preSolution
		Debug|Any CPU = Debug|Any CPU
		Debug|x64 = Debug|x64
		Debug|x86 = Debug|x86
		Release|Any CPU = Release|Any CPU
		Release|x64 = Release|x64
		Release|x86 = Release|x86
	EndGlobalSection
	GlobalSection(ProjectConfigurationPlatforms) = postSolution
		{3F4725A3-8851-4AD7-A60D-181E4F44DBD6}.Debug|Any CPU.ActiveCfg = Debug|Any CPU
		{3F4725A3-8851-4AD7-A60D-181E4F44DBD6}.Debug|Any CPU.Build.0 = Debug|Any CPU
		{3F4725A3-8851-4AD7-A60D-181E4F44DBD6}.Debug|x64.ActiveCfg = Debug|Any CPU
		{3F4725A3-8851-4AD7-A60D-181E4F44DBD6}.Debug|x64.Build.0 = Debug|Any CPU
		{3F4725A3-8851-4AD7-A60D-181E4F44DBD6}.Debug|x86.ActiveCfg = Debug|Any CPU
		{3F4725A3-8851-4AD7-A60D-181E4F44DBD6}.Debug|x86.Build.0 = Debug|Any CPU
		{3F4725A3-8851-4AD7-A60D-181E4F44DBD6}.Release|Any CPU.ActiveCfg = Release|Any CPU
		{3F4725A3-8851-4AD7-A60D-181E4F44DBD6}.Release|Any CPU.Build.0 = Release|Any CPU
		{3F4725A3-8851-4AD7-A60D-181E4F44DBD6}.Release|x64.ActiveCfg = Release|Any CPU
		{3F4725A3-8851-4AD7-A60D-181E4F44DBD6}.Release|x64.Build.0 = Release|Any CPU
		{3F4725A3-8851-4AD7-A60D-181E4F44DBD6}.Release|x86.ActiveCfg = Release|Any CPU
		{3F4725A3-8851-4AD7-A60D-181E4F44DBD6}.Release|x86.Build.0 = Release|Any CPU
		{46AAD591-8F01-483B-BB7E-E01FFC1925B9}.Debug|Any CPU.ActiveCfg = Debug|Any CPU
		{46AAD591-8F01-483B-BB7E-E01FFC1925B9}.Debug|Any CPU.Build.0 = Debug|Any CPU
		{46AAD591-8F01-483B-BB7E-E01FFC1925B9}.Debug|x64.ActiveCfg = Debug|Any CPU
		{46AAD591-8F01-483B-BB7E-E01FFC1925B9}.Debug|x64.Build.0 = Debug|Any CPU
		{46AAD591-8F01-483B-BB7E-E01FFC1925B9}.Debug|x86.ActiveCfg = Debug|Any CPU
		{46AAD591-8F01-483B-BB7E-E01FFC1925B9}.Debug|x86.Build.0 = Debug|Any CPU
		{46AAD591-8F01-483B-BB7E-E01FFC1925B9}.Release|Any CPU.ActiveCfg = Release|Any CPU
		{46AAD591-8F01-483B-BB7E-E01FFC1925B9}.Release|Any CPU.Build.0 = Release|Any CPU
		{46AAD591-8F01-483B-BB7E-E01FFC1925B9}.Release|x64.ActiveCfg = Release|Any CPU
		{46AAD591-8F01-483B-BB7E-E01FFC1925B9}.Release|x64.Build.0 = Release|Any CPU
		{46AAD591-8F01-483B-BB7E-E01FFC1925B9}.Release|x86.ActiveCfg = Release|Any CPU
		{46AAD591-8F01-483B-BB7E-E01FFC1925B9}.Release|x86.Build.0 = Release|Any CPU
		{8FF42C08-3309-4A82-9ACB-2692E2D246F7}.Debug|Any CPU.ActiveCfg = Debug|Any CPU
		{8FF42C08-3309-4A82-9ACB-2692E2D246F7}.Debug|Any CPU.Build.0 = Debug|Any CPU
		{8FF42C08-3309-4A82-9ACB-2692E2D246F7}.Debug|x64.ActiveCfg = Debug|Any CPU
		{8FF42C08-3309-4A82-9ACB-2692E2D246F7}.Debug|x64.Build.0 = Debug|Any CPU
		{8FF42C08-3309-4A82-9ACB-2692E2D246F7}.Debug|x86.ActiveCfg = Debug|Any CPU
		{8FF42C08-3309-4A82-9ACB-2692E2D246F7}.Debug|x86.Build.0 = Debug|Any CPU
		{8FF42C08-3309-4A82-9ACB-2692E2D246F7}.Release|Any CPU.ActiveCfg = Release|Any CPU
		{8FF42C08-3309-4A82-9ACB-2692E2D246F7}.Release|Any CPU.Build.0 = Release|Any CPU
		{8FF42C08-3309-4A82-9ACB-2692E2D246F7}.Release|x64.ActiveCfg = Release|Any CPU
		{8FF42C08-3309-4A82-9ACB-2692E2D246F7}.Release|x64.Build.0 = Release|Any CPU
		{8FF42C08-3309-4A82-9ACB-2692E2D246F7}.Release|x86.ActiveCfg = Release|Any CPU
		{8FF42C08-3309-4A82-9ACB-2692E2D246F7}.Release|x86.Build.0 = Release|Any CPU
		{1129F8A0-40EB-4777-AB7D-1F99F7B7D91C}.Debug|Any CPU.ActiveCfg = Debug|Any CPU
		{1129F8A0-40EB-4777-AB7D-1F99F7B7D91C}.Debug|Any CPU.Build.0 = Debug|Any CPU
		{1129F8A0-40EB-4777-AB7D-1F99F7B7D91C}.Debug|x64.ActiveCfg = Debug|Any CPU
		{1129F8A0-40EB-4777-AB7D-1F99F7B7D91C}.Debug|x64.Build.0 = Debug|Any CPU
		{1129F8A0-40EB-4777-AB7D-1F99F7B7D91C}.Debug|x86.ActiveCfg = Debug|Any CPU
		{1129F8A0-40EB-4777-AB7D-1F99F7B7D91C}.Debug|x86.Build.0 = Debug|Any CPU
		{1129F8A0-40EB-4777-AB7D-1F99F7B7D91C}.Release|Any CPU.ActiveCfg = Release|Any CPU
		{1129F8A0-40EB-4777-AB7D-1F99F7B7D91C}.Release|Any CPU.Build.0 = Release|Any CPU
		{1129F8A0-40EB-4777-AB7D-1F99F7B7D91C}.Release|x64.ActiveCfg = Release|Any CPU
		{1129F8A0-40EB-4777-AB7D-1F99F7B7D91C}.Release|x64.Build.0 = Release|Any CPU
		{1129F8A0-40EB-4777-AB7D-1F99F7B7D91C}.Release|x86.ActiveCfg = Release|Any CPU
		{1129F8A0-40EB-4777-AB7D-1F99F7B7D91C}.Release|x86.Build.0 = Release|Any CPU
		{523ACE8C-7F2D-4EA3-9DF3-4D68587488EB}.Debug|Any CPU.ActiveCfg = Debug|Any CPU
		{523ACE8C-7F2D-4EA3-9DF3-4D68587488EB}.Debug|Any CPU.Build.0 = Debug|Any CPU
		{523ACE8C-7F2D-4EA3-9DF3-4D68587488EB}.Debug|x64.ActiveCfg = Debug|Any CPU
		{523ACE8C-7F2D-4EA3-9DF3-4D68587488EB}.Debug|x64.Build.0 = Debug|Any CPU
		{523ACE8C-7F2D-4EA3-9DF3-4D68587488EB}.Debug|x86.ActiveCfg = Debug|Any CPU
		{523ACE8C-7F2D-4EA3-9DF3-4D68587488EB}.Debug|x86.Build.0 = Debug|Any CPU
		{523ACE8C-7F2D-4EA3-9DF3-4D68587488EB}.Release|Any CPU.ActiveCfg = Release|Any CPU
		{523ACE8C-7F2D-4EA3-9DF3-4D68587488EB}.Release|Any CPU.Build.0 = Release|Any CPU
		{523ACE8C-7F2D-4EA3-9DF3-4D68587488EB}.Release|x64.ActiveCfg = Release|Any CPU
		{523ACE8C-7F2D-4EA3-9DF3-4D68587488EB}.Release|x64.Build.0 = Release|Any CPU
		{523ACE8C-7F2D-4EA3-9DF3-4D68587488EB}.Release|x86.ActiveCfg = Release|Any CPU
		{523ACE8C-7F2D-4EA3-9DF3-4D68587488EB}.Release|x86.Build.0 = Release|Any CPU
		{72C9D711-BAAB-452A-9D6A-C996D7CC3790}.Debug|Any CPU.ActiveCfg = Debug|Any CPU
		{72C9D711-BAAB-452A-9D6A-C996D7CC3790}.Debug|Any CPU.Build.0 = Debug|Any CPU
		{72C9D711-BAAB-452A-9D6A-C996D7CC3790}.Debug|x64.ActiveCfg = Debug|Any CPU
		{72C9D711-BAAB-452A-9D6A-C996D7CC3790}.Debug|x64.Build.0 = Debug|Any CPU
		{72C9D711-BAAB-452A-9D6A-C996D7CC3790}.Debug|x86.ActiveCfg = Debug|Any CPU
		{72C9D711-BAAB-452A-9D6A-C996D7CC3790}.Debug|x86.Build.0 = Debug|Any CPU
		{72C9D711-BAAB-452A-9D6A-C996D7CC3790}.Release|Any CPU.ActiveCfg = Release|Any CPU
		{72C9D711-BAAB-452A-9D6A-C996D7CC3790}.Release|Any CPU.Build.0 = Release|Any CPU
		{72C9D711-BAAB-452A-9D6A-C996D7CC3790}.Release|x64.ActiveCfg = Release|Any CPU
		{72C9D711-BAAB-452A-9D6A-C996D7CC3790}.Release|x64.Build.0 = Release|Any CPU
		{72C9D711-BAAB-452A-9D6A-C996D7CC3790}.Release|x86.ActiveCfg = Release|Any CPU
		{72C9D711-BAAB-452A-9D6A-C996D7CC3790}.Release|x86.Build.0 = Release|Any CPU
		{0C7BA540-E55E-4B8F-8FCC-5752627E1C3E}.Debug|Any CPU.ActiveCfg = Debug|Any CPU
		{0C7BA540-E55E-4B8F-8FCC-5752627E1C3E}.Debug|Any CPU.Build.0 = Debug|Any CPU
		{0C7BA540-E55E-4B8F-8FCC-5752627E1C3E}.Debug|x64.ActiveCfg = Debug|Any CPU
		{0C7BA540-E55E-4B8F-8FCC-5752627E1C3E}.Debug|x64.Build.0 = Debug|Any CPU
		{0C7BA540-E55E-4B8F-8FCC-5752627E1C3E}.Debug|x86.ActiveCfg = Debug|Any CPU
		{0C7BA540-E55E-4B8F-8FCC-5752627E1C3E}.Debug|x86.Build.0 = Debug|Any CPU
		{0C7BA540-E55E-4B8F-8FCC-5752627E1C3E}.Release|Any CPU.ActiveCfg = Release|Any CPU
		{0C7BA540-E55E-4B8F-8FCC-5752627E1C3E}.Release|Any CPU.Build.0 = Release|Any CPU
		{0C7BA540-E55E-4B8F-8FCC-5752627E1C3E}.Release|x64.ActiveCfg = Release|Any CPU
		{0C7BA540-E55E-4B8F-8FCC-5752627E1C3E}.Release|x64.Build.0 = Release|Any CPU
		{0C7BA540-E55E-4B8F-8FCC-5752627E1C3E}.Release|x86.ActiveCfg = Release|Any CPU
		{0C7BA540-E55E-4B8F-8FCC-5752627E1C3E}.Release|x86.Build.0 = Release|Any CPU
	EndGlobalSection
	GlobalSection(SolutionProperties) = preSolution
		HideSolutionNode = FALSE
	EndGlobalSection
	GlobalSection(NestedProjects) = preSolution
		{3F4725A3-8851-4AD7-A60D-181E4F44DBD6} = {827E0CD3-B72D-47B6-A68D-7590B98EB39B}
		{46AAD591-8F01-483B-BB7E-E01FFC1925B9} = {827E0CD3-B72D-47B6-A68D-7590B98EB39B}
		{8FF42C08-3309-4A82-9ACB-2692E2D246F7} = {827E0CD3-B72D-47B6-A68D-7590B98EB39B}
		{1129F8A0-40EB-4777-AB7D-1F99F7B7D91C} = {827E0CD3-B72D-47B6-A68D-7590B98EB39B}
		{523ACE8C-7F2D-4EA3-9DF3-4D68587488EB} = {0AB3BF05-4346-4AA6-1389-037BE0695223}
		{72C9D711-BAAB-452A-9D6A-C996D7CC3790} = {0AB3BF05-4346-4AA6-1389-037BE0695223}
		{0C7BA540-E55E-4B8F-8FCC-5752627E1C3E} = {0AB3BF05-4346-4AA6-1389-037BE0695223}
	EndGlobalSection
EndGlobal
